
Microsoft Visual Studio Solution File, Format Version 12.00
# Visual Studio 14
VisualStudioVersion = 14.0.25420.1
MinimumVisualStudioVersion = 10.0.40219.1
Project("{FAE04EC0-301F-11D3-BF4B-00C04F79EFBC}") = "proyecto_joelcasa", "proyecto_joelcasa\proyecto_joelcasa.csproj", "{8701F959-FB7A-4E07-A12C-C629AD5EF174}"
EndProject
Project("{FAE04EC0-301F-11D3-BF4B-00C04F79EFBC}") = "BO", "BO\BO.csproj", "{F8DD425A-2BF1-44D1-9C90-D0022B3DD04E}"
EndProject
Project("{FAE04EC0-301F-11D3-BF4B-00C04F79EFBC}") = "DAO", "DAO\DAO.csproj", "{BC82FDFB-815F-4F1D-886C-4BC55B191FE1}"
EndProject
Global
	GlobalSection(SolutionConfigurationPlatforms) = preSolution
		Debug|Any CPU = Debug|Any CPU
		Release|Any CPU = Release|Any CPU
	EndGlobalSection
	GlobalSection(ProjectConfigurationPlatforms) = postSolution
		{8701F959-FB7A-4E07-A12C-C629AD5EF174}.Debug|Any CPU.ActiveCfg = Debug|Any CPU
		{8701F959-FB7A-4E07-A12C-C629AD5EF174}.Debug|Any CPU.Build.0 = Debug|Any CPU
		{8701F959-FB7A-4E07-A12C-C629AD5EF174}.Release|Any CPU.ActiveCfg = Release|Any CPU
		{8701F959-FB7A-4E07-A12C-C629AD5EF174}.Release|Any CPU.Build.0 = Release|Any CPU
		{F8DD425A-2BF1-44D1-9C90-D0022B3DD04E}.Debug|Any CPU.ActiveCfg = Debug|Any CPU
		{F8DD425A-2BF1-44D1-9C90-D0022B3DD04E}.Debug|Any CPU.Build.0 = Debug|Any CPU
		{F8DD425A-2BF1-44D1-9C90-D0022B3DD04E}.Release|Any CPU.ActiveCfg = Release|Any CPU
		{F8DD425A-2BF1-44D1-9C90-D0022B3DD04E}.Release|Any CPU.Build.0 = Release|Any CPU
		{BC82FDFB-815F-4F1D-886C-4BC55B191FE1}.Debug|Any CPU.ActiveCfg = Debug|Any CPU
		{BC82FDFB-815F-4F1D-886C-4BC55B191FE1}.Debug|Any CPU.Build.0 = Debug|Any CPU
		{BC82FDFB-815F-4F1D-886C-4BC55B191FE1}.Release|Any CPU.ActiveCfg = Release|Any CPU
		{BC82FDFB-815F-4F1D-886C-4BC55B191FE1}.Release|Any CPU.Build.0 = Release|Any CPU
	EndGlobalSection
	GlobalSection(SolutionProperties) = preSolution
		HideSolutionNode = FALSE
	EndGlobalSection
EndGlobal
